# This file is automatically @generated by Cargo.
# It is not intended for manual editing.
version = 3

[[package]]
name = "aho-corasick"
version = "0.7.18"
source = "registry+https://github.com/rust-lang/crates.io-index"
checksum = "1e37cfd5e7657ada45f742d6e99ca5788580b5c529dc78faf11ece6dc702656f"
dependencies = [
 "memchr",
]

[[package]]
name = "arc-swap"
version = "0.4.8"
source = "registry+https://github.com/rust-lang/crates.io-index"
checksum = "dabe5a181f83789739c194cbe5a897dde195078fac08568d09221fd6137a7ba8"

[[package]]
name = "arrayvec"
version = "0.5.2"
source = "registry+https://github.com/rust-lang/crates.io-index"
checksum = "23b62fc65de8e4e7f52534fb52b0f3ed04746ae267519eef2a83941e8085068b"

[[package]]
name = "autocfg"
version = "1.1.0"
source = "registry+https://github.com/rust-lang/crates.io-index"
checksum = "d468802bab17cbc0cc575e9b053f41e72aa36bfa6b7f55e3529ffa43161b97fa"

[[package]]
name = "bitflags"
version = "1.3.2"
source = "registry+https://github.com/rust-lang/crates.io-index"
checksum = "bef38d45163c2f1dde094a7dfd33ccf595c92905c8f8f4fdc18d06fb1037718a"

[[package]]
name = "bytebuffer-new"
version = "0.2.2"
source = "registry+https://github.com/rust-lang/crates.io-index"
checksum = "021cf29fce310093bf12dcb666f0fe4c81f90b6a9bbdc9e0452911e103705b59"
dependencies = [
 "byteorder",
]

[[package]]
name = "byteorder"
version = "1.4.3"
source = "registry+https://github.com/rust-lang/crates.io-index"
checksum = "14c189c53d098945499cdfa7ecc63567cf3886b3332b312a5b4585d8d3a6a610"

[[package]]
name = "bytes"
version = "1.1.0"
source = "registry+https://github.com/rust-lang/crates.io-index"
checksum = "c4872d67bab6358e59559027aa3b9157c53d9358c51423c17554809a8858e0f8"

[[package]]
name = "cfg-if"
version = "0.1.10"
source = "registry+https://github.com/rust-lang/crates.io-index"
checksum = "4785bdd1c96b2a846b2bd7cc02e86b6b3dbf14e7e53446c4f54c92a361040822"

[[package]]
name = "cfg-if"
version = "1.0.0"
source = "registry+https://github.com/rust-lang/crates.io-index"
checksum = "baf1de4339761588bc0619e3cbc0120ee582ebb74b53b4efbf79117bd2da40fd"

[[package]]
name = "config"
version = "0.10.1"
source = "registry+https://github.com/rust-lang/crates.io-index"
checksum = "19b076e143e1d9538dde65da30f8481c2a6c44040edb8e02b9bf1351edb92ce3"
dependencies = [
 "lazy_static",
 "nom",
 "rust-ini",
 "serde 1.0.137",
 "serde-hjson",
 "serde_json",
 "toml",
 "yaml-rust",
]

[[package]]
name = "fnv"
version = "1.0.7"
source = "registry+https://github.com/rust-lang/crates.io-index"
checksum = "3f9eec918d3f24069decb9af1554cad7c880e2da24a9afd88aca000531ab82c1"

[[package]]
name = "futures-channel"
version = "0.3.21"
source = "registry+https://github.com/rust-lang/crates.io-index"
checksum = "c3083ce4b914124575708913bca19bfe887522d6e2e6d0952943f5eac4a74010"
dependencies = [
 "futures-core",
]

[[package]]
name = "futures-core"
version = "0.3.21"
source = "registry+https://github.com/rust-lang/crates.io-index"
checksum = "0c09fd04b7e4073ac7156a9539b57a484a8ea920f79c7c675d05d289ab6110d3"

[[package]]
name = "futures-macro"
version = "0.3.21"
source = "registry+https://github.com/rust-lang/crates.io-index"
checksum = "33c1e13800337f4d4d7a316bf45a567dbcb6ffe087f16424852d97e97a91f512"
dependencies = [
 "proc-macro2",
 "quote",
 "syn",
]

[[package]]
name = "futures-sink"
version = "0.3.21"
source = "registry+https://github.com/rust-lang/crates.io-index"
checksum = "21163e139fa306126e6eedaf49ecdb4588f939600f0b1e770f4205ee4b7fa868"

[[package]]
name = "futures-task"
version = "0.3.21"
source = "registry+https://github.com/rust-lang/crates.io-index"
checksum = "57c66a976bf5909d801bbef33416c41372779507e7a6b3a5e25e4749c58f776a"

[[package]]
name = "futures-util"
version = "0.3.21"
source = "registry+https://github.com/rust-lang/crates.io-index"
checksum = "d8b7abd5d659d9b90c8cba917f6ec750a74e2dc23902ef9cd4cc8c8b22e6036a"
dependencies = [
 "futures-core",
 "futures-macro",
 "futures-task",
 "pin-project-lite",
 "pin-utils",
 "slab",
]

[[package]]
name = "getrandom"
version = "0.1.16"
source = "registry+https://github.com/rust-lang/crates.io-index"
checksum = "8fc3cb4d91f53b50155bdcfd23f6a4c39ae1969c2ae85982b135750cccaf5fce"
dependencies = [
 "cfg-if 1.0.0",
 "libc",
 "wasi 0.9.0+wasi-snapshot-preview1",
]

[[package]]
name = "h2"
version = "0.3.13"
source = "registry+https://github.com/rust-lang/crates.io-index"
checksum = "37a82c6d637fc9515a4694bbf1cb2457b79d81ce52b3108bdeea58b07dd34a57"
dependencies = [
 "bytes",
 "fnv",
 "futures-core",
 "futures-sink",
 "futures-util",
 "http",
 "indexmap",
 "slab",
 "tokio",
 "tokio-util",
 "tracing",
]

[[package]]
name = "hashbrown"
version = "0.11.2"
source = "registry+https://github.com/rust-lang/crates.io-index"
checksum = "ab5ef0d4909ef3724cc8cce6ccc8572c5c817592e9285f5464f8e86f8bd3726e"

[[package]]
name = "hermit-abi"
version = "0.1.19"
source = "registry+https://github.com/rust-lang/crates.io-index"
checksum = "62b467343b94ba476dcb2500d242dadbb39557df889310ac77c5d99100aaac33"
dependencies = [
 "libc",
]

[[package]]
name = "http"
version = "0.2.8"
source = "registry+https://github.com/rust-lang/crates.io-index"
checksum = "75f43d41e26995c17e71ee126451dd3941010b0514a81a9d11f3b341debc2399"
dependencies = [
 "bytes",
 "fnv",
 "itoa",
]

[[package]]
name = "http-body"
version = "0.4.5"
source = "registry+https://github.com/rust-lang/crates.io-index"
checksum = "d5f38f16d184e36f2408a55281cd658ecbd3ca05cce6d6510a176eca393e26d1"
dependencies = [
 "bytes",
 "http",
 "pin-project-lite",
]

[[package]]
name = "httparse"
version = "1.7.1"
source = "registry+https://github.com/rust-lang/crates.io-index"
checksum = "496ce29bb5a52785b44e0f7ca2847ae0bb839c9bd28f69acac9b99d461c0c04c"

[[package]]
name = "httpdate"
version = "1.0.2"
source = "registry+https://github.com/rust-lang/crates.io-index"
checksum = "c4a1e36c821dbe04574f602848a19f742f4fb3c98d40449f11bcad18d6b17421"

[[package]]
name = "hyper"
version = "0.14.19"
source = "registry+https://github.com/rust-lang/crates.io-index"
checksum = "42dc3c131584288d375f2d07f822b0cb012d8c6fb899a5b9fdb3cb7eb9b6004f"
dependencies = [
 "bytes",
 "futures-channel",
 "futures-core",
 "futures-util",
 "h2",
 "http",
 "http-body",
 "httparse",
 "httpdate",
 "itoa",
 "pin-project-lite",
 "socket2 0.4.4",
 "tokio",
 "tower-service",
 "tracing",
 "want",
]

[[package]]
name = "indexmap"
version = "1.8.2"
source = "registry+https://github.com/rust-lang/crates.io-index"
checksum = "e6012d540c5baa3589337a98ce73408de9b5a25ec9fc2c6fd6be8f0d39e0ca5a"
dependencies = [
 "autocfg",
 "hashbrown",
]

[[package]]
name = "itoa"
version = "1.0.2"
source = "registry+https://github.com/rust-lang/crates.io-index"
checksum = "112c678d4050afce233f4f2852bb2eb519230b3cf12f33585275537d7e41578d"

[[package]]
name = "lazy_static"
version = "1.4.0"
source = "registry+https://github.com/rust-lang/crates.io-index"
checksum = "e2abad23fbc42b3700f2f279844dc832adb2b2eb069b2df918f455c4e18cc646"

[[package]]
name = "lexical-core"
version = "0.7.6"
source = "registry+https://github.com/rust-lang/crates.io-index"
checksum = "6607c62aa161d23d17a9072cc5da0be67cdfc89d3afb1e8d9c842bebc2525ffe"
dependencies = [
 "arrayvec",
 "bitflags",
 "cfg-if 1.0.0",
 "ryu",
 "static_assertions",
]

[[package]]
name = "libc"
version = "0.2.126"
source = "registry+https://github.com/rust-lang/crates.io-index"
checksum = "349d5a591cd28b49e1d1037471617a32ddcda5731b99419008085f72d5a53836"

[[package]]
name = "linked-hash-map"
version = "0.3.0"
source = "registry+https://github.com/rust-lang/crates.io-index"
checksum = "6d262045c5b87c0861b3f004610afd0e2c851e2908d08b6c870cbb9d5f494ecd"
dependencies = [
 "serde 0.8.23",
 "serde_test",
]

[[package]]
name = "linked-hash-map"
version = "0.5.4"
source = "registry+https://github.com/rust-lang/crates.io-index"
checksum = "7fb9b38af92608140b86b693604b9ffcc5824240a484d1ecd4795bacb2fe88f3"

[[package]]
name = "lock_api"
version = "0.4.7"
source = "registry+https://github.com/rust-lang/crates.io-index"
checksum = "327fa5b6a6940e4699ec49a9beae1ea4845c6bab9314e4f84ac68742139d8c53"
dependencies = [
 "autocfg",
 "scopeguard",
]

[[package]]
name = "log"
version = "0.4.17"
source = "registry+https://github.com/rust-lang/crates.io-index"
checksum = "abb12e687cfb44aa40f41fc3978ef76448f9b6038cad6aef4259d3c095a2382e"
dependencies = [
 "cfg-if 1.0.0",
]

[[package]]
name = "memchr"
version = "2.5.0"
source = "registry+https://github.com/rust-lang/crates.io-index"
checksum = "2dffe52ecf27772e601905b7522cb4ef790d2cc203488bbd0e2fe85fcb74566d"

[[package]]
name = "mio"
version = "0.8.3"
source = "registry+https://github.com/rust-lang/crates.io-index"
checksum = "713d550d9b44d89174e066b7a6217ae06234c10cb47819a88290d2b353c31799"
dependencies = [
 "libc",
 "log",
 "wasi 0.11.0+wasi-snapshot-preview1",
 "windows-sys",
]

[[package]]
name = "nom"
version = "5.1.2"
source = "registry+https://github.com/rust-lang/crates.io-index"
checksum = "ffb4262d26ed83a1c0a33a38fe2bb15797329c85770da05e6b828ddb782627af"
dependencies = [
 "lexical-core",
 "memchr",
 "version_check",
]

[[package]]
name = "num-traits"
version = "0.1.43"
source = "registry+https://github.com/rust-lang/crates.io-index"
checksum = "92e5113e9fd4cc14ded8e499429f396a20f98c772a47cc8622a736e1ec843c31"
dependencies = [
 "num-traits 0.2.15",
]

[[package]]
name = "num-traits"
version = "0.2.15"
source = "registry+https://github.com/rust-lang/crates.io-index"
checksum = "578ede34cf02f8924ab9447f50c28075b4d3e5b269972345e7e0372b38c6cdcd"
dependencies = [
 "autocfg",
]

[[package]]
name = "num_cpus"
version = "1.13.1"
source = "registry+https://github.com/rust-lang/crates.io-index"
checksum = "19e64526ebdee182341572e50e9ad03965aa510cd94427a4549448f285e957a1"
dependencies = [
 "hermit-abi",
 "libc",
]

[[package]]
name = "once_cell"
version = "1.12.0"
source = "registry+https://github.com/rust-lang/crates.io-index"
checksum = "7709cef83f0c1f58f666e746a08b21e0085f7440fa6a29cc194d68aac97a4225"

[[package]]
name = "parking_lot"
version = "0.12.1"
source = "registry+https://github.com/rust-lang/crates.io-index"
checksum = "3742b2c103b9f06bc9fff0a37ff4912935851bee6d36f3c02bcc755bcfec228f"
dependencies = [
 "lock_api",
 "parking_lot_core",
]

[[package]]
name = "parking_lot_core"
version = "0.9.3"
source = "registry+https://github.com/rust-lang/crates.io-index"
checksum = "09a279cbf25cb0757810394fbc1e359949b59e348145c643a939a525692e6929"
dependencies = [
 "cfg-if 1.0.0",
 "libc",
 "redox_syscall",
 "smallvec",
 "windows-sys",
]

[[package]]
name = "pin-project-lite"
version = "0.2.9"
source = "registry+https://github.com/rust-lang/crates.io-index"
checksum = "e0a7ae3ac2f1173085d398531c705756c94a4c56843785df85a60c1a0afac116"

[[package]]
name = "pin-utils"
version = "0.1.0"
source = "registry+https://github.com/rust-lang/crates.io-index"
checksum = "8b870d8c151b6f2fb93e84a13146138f05d02ed11c7e7c54f8826aaaf7c9f184"

[[package]]
name = "ppv-lite86"
version = "0.2.16"
source = "registry+https://github.com/rust-lang/crates.io-index"
checksum = "eb9f9e6e233e5c4a35559a617bf40a4ec447db2e84c20b55a6f83167b7e57872"

[[package]]
name = "proc-macro2"
version = "1.0.39"
source = "registry+https://github.com/rust-lang/crates.io-index"
checksum = "c54b25569025b7fc9651de43004ae593a75ad88543b17178aa5e1b9c4f15f56f"
dependencies = [
 "unicode-ident",
]

[[package]]
name = "prometheus"
version = "0.9.0"
source = "registry+https://github.com/rust-lang/crates.io-index"
checksum = "dd0ced56dee39a6e960c15c74dc48849d614586db2eaada6497477af7c7811cd"
dependencies = [
 "cfg-if 0.1.10",
 "fnv",
 "lazy_static",
 "protobuf",
 "protobuf-codegen-pure",
 "spin",
 "thiserror",
]

[[package]]
name = "protobuf"
version = "2.27.1"
source = "registry+https://github.com/rust-lang/crates.io-index"
checksum = "cf7e6d18738ecd0902d30d1ad232c9125985a3422929b16c65517b38adc14f96"

[[package]]
name = "protobuf-codegen"
version = "2.27.1"
source = "registry+https://github.com/rust-lang/crates.io-index"
checksum = "aec1632b7c8f2e620343439a7dfd1f3c47b18906c4be58982079911482b5d707"
dependencies = [
 "protobuf",
]

[[package]]
name = "protobuf-codegen-pure"
version = "2.27.1"
source = "registry+https://github.com/rust-lang/crates.io-index"
checksum = "9f8122fdb18e55190c796b088a16bdb70cd7acdcd48f7a8b796b58c62e532cc6"
dependencies = [
 "protobuf",
 "protobuf-codegen",
]

[[package]]
name = "quote"
version = "1.0.18"
source = "registry+https://github.com/rust-lang/crates.io-index"
checksum = "a1feb54ed693b93a84e14094943b84b7c4eae204c512b7ccb95ab0c66d278ad1"
dependencies = [
 "proc-macro2",
]

[[package]]
name = "rand"
version = "0.7.3"
source = "registry+https://github.com/rust-lang/crates.io-index"
checksum = "6a6b1679d49b24bbfe0c803429aa1874472f50d9b363131f0e89fc356b544d03"
dependencies = [
 "getrandom",
 "libc",
 "rand_chacha",
 "rand_core",
 "rand_hc",
]

[[package]]
name = "rand_chacha"
version = "0.2.2"
source = "registry+https://github.com/rust-lang/crates.io-index"
checksum = "f4c8ed856279c9737206bf725bf36935d8666ead7aa69b52be55af369d193402"
dependencies = [
 "ppv-lite86",
 "rand_core",
]

[[package]]
name = "rand_core"
version = "0.5.1"
source = "registry+https://github.com/rust-lang/crates.io-index"
checksum = "90bde5296fc891b0cef12a6d03ddccc162ce7b2aff54160af9338f8d40df6d19"
dependencies = [
 "getrandom",
]

[[package]]
name = "rand_hc"
version = "0.2.0"
source = "registry+https://github.com/rust-lang/crates.io-index"
checksum = "ca3129af7b92a17112d59ad498c6f81eaf463253766b90396d39ea7a39d6613c"
dependencies = [
 "rand_core",
]

[[package]]
name = "redox_syscall"
version = "0.2.13"
source = "registry+https://github.com/rust-lang/crates.io-index"
checksum = "62f25bc4c7e55e0b0b7a1d43fb893f4fa1361d0abe38b9ce4f323c2adfe6ef42"
dependencies = [
 "bitflags",
]

[[package]]
name = "regex"
version = "1.5.6"
source = "registry+https://github.com/rust-lang/crates.io-index"
checksum = "d83f127d94bdbcda4c8cc2e50f6f84f4b611f69c902699ca385a39c3a75f9ff1"
dependencies = [
 "aho-corasick",
 "memchr",
 "regex-syntax",
]

[[package]]
name = "regex-syntax"
version = "0.6.26"
source = "registry+https://github.com/rust-lang/crates.io-index"
checksum = "49b3de9ec5dc0a3417da371aab17d729997c15010e7fd24ff707773a33bddb64"

[[package]]
name = "rust-ini"
version = "0.13.0"
source = "registry+https://github.com/rust-lang/crates.io-index"
checksum = "3e52c148ef37f8c375d49d5a73aa70713125b7f19095948a923f80afdeb22ec2"

[[package]]
name = "ryu"
version = "1.0.10"
source = "registry+https://github.com/rust-lang/crates.io-index"
checksum = "f3f6f92acf49d1b98f7a81226834412ada05458b7364277387724a237f062695"

[[package]]
name = "scopeguard"
version = "1.1.0"
source = "registry+https://github.com/rust-lang/crates.io-index"
checksum = "d29ab0c6d3fc0ee92fe66e2d99f700eab17a8d57d1c1d3b748380fb20baa78cd"

[[package]]
name = "serde"
version = "0.8.23"
source = "registry+https://github.com/rust-lang/crates.io-index"
checksum = "9dad3f759919b92c3068c696c15c3d17238234498bbdcc80f2c469606f948ac8"

[[package]]
name = "serde"
version = "1.0.137"
source = "registry+https://github.com/rust-lang/crates.io-index"
checksum = "61ea8d54c77f8315140a05f4c7237403bf38b72704d031543aa1d16abbf517d1"

[[package]]
name = "serde-hjson"
version = "0.9.1"
source = "registry+https://github.com/rust-lang/crates.io-index"
checksum = "6a3a4e0ea8a88553209f6cc6cfe8724ecad22e1acf372793c27d995290fe74f8"
dependencies = [
 "lazy_static",
 "linked-hash-map 0.3.0",
 "num-traits 0.1.43",
 "regex",
 "serde 0.8.23",
]

[[package]]
name = "serde_json"
version = "1.0.81"
source = "registry+https://github.com/rust-lang/crates.io-index"
checksum = "9b7ce2b32a1aed03c558dc61a5cd328f15aff2dbc17daad8fb8af04d2100e15c"
dependencies = [
 "itoa",
 "ryu",
 "serde 1.0.137",
]

[[package]]
name = "serde_test"
version = "0.8.23"
source = "registry+https://github.com/rust-lang/crates.io-index"
checksum = "110b3dbdf8607ec493c22d5d947753282f3bae73c0f56d322af1e8c78e4c23d5"
dependencies = [
 "serde 0.8.23",
]

[[package]]
name = "signal-hook-registry"
version = "1.4.0"
source = "registry+https://github.com/rust-lang/crates.io-index"
checksum = "e51e73328dc4ac0c7ccbda3a494dfa03df1de2f46018127f60c693f2648455b0"
dependencies = [
 "libc",
]

[[package]]
name = "slab"
version = "0.4.6"
source = "registry+https://github.com/rust-lang/crates.io-index"
checksum = "eb703cfe953bccee95685111adeedb76fabe4e97549a58d16f03ea7b9367bb32"

[[package]]
name = "sma_inverter_exporter"
version = "0.1.0"
dependencies = [
 "arc-swap",
 "bytebuffer-new",
 "config",
 "futures-task",
 "futures-util",
 "hyper",
 "lazy_static",
 "prometheus",
 "rand",
 "socket2 0.3.19",
 "tokio",
]

[[package]]
name = "smallvec"
version = "1.8.0"
source = "registry+https://github.com/rust-lang/crates.io-index"
checksum = "f2dd574626839106c320a323308629dcb1acfc96e32a8cba364ddc61ac23ee83"

[[package]]
name = "socket2"
version = "0.3.19"
source = "registry+https://github.com/rust-lang/crates.io-index"
checksum = "122e570113d28d773067fab24266b66753f6ea915758651696b6e35e49f88d6e"
dependencies = [
 "cfg-if 1.0.0",
 "libc",
 "winapi",
]

[[package]]
name = "socket2"
version = "0.4.4"
source = "registry+https://github.com/rust-lang/crates.io-index"
checksum = "66d72b759436ae32898a2af0a14218dbf55efde3feeb170eb623637db85ee1e0"
dependencies = [
 "libc",
 "winapi",
]

[[package]]
name = "spin"
version = "0.5.2"
source = "registry+https://github.com/rust-lang/crates.io-index"
checksum = "6e63cff320ae2c57904679ba7cb63280a3dc4613885beafb148ee7bf9aa9042d"

[[package]]
name = "static_assertions"
version = "1.1.0"
source = "registry+https://github.com/rust-lang/crates.io-index"
checksum = "a2eb9349b6444b326872e140eb1cf5e7c522154d69e7a0ffb0fb81c06b37543f"

[[package]]
name = "syn"
version = "1.0.96"
source = "registry+https://github.com/rust-lang/crates.io-index"
checksum = "0748dd251e24453cb8717f0354206b91557e4ec8703673a4b30208f2abaf1ebf"
dependencies = [
 "proc-macro2",
 "quote",
 "unicode-ident",
]

[[package]]
name = "thiserror"
version = "1.0.31"
source = "registry+https://github.com/rust-lang/crates.io-index"
checksum = "bd829fe32373d27f76265620b5309d0340cb8550f523c1dda251d6298069069a"
dependencies = [
 "thiserror-impl",
]

[[package]]
name = "thiserror-impl"
version = "1.0.31"
source = "registry+https://github.com/rust-lang/crates.io-index"
checksum = "0396bc89e626244658bef819e22d0cc459e795a5ebe878e6ec336d1674a8d79a"
dependencies = [
 "proc-macro2",
 "quote",
 "syn",
]

[[package]]
name = "tokio"
version = "1.19.2"
source = "registry+https://github.com/rust-lang/crates.io-index"
checksum = "c51a52ed6686dd62c320f9b89299e9dfb46f730c7a48e635c19f21d116cb1439"
dependencies = [
 "bytes",
 "libc",
 "memchr",
 "mio",
 "num_cpus",
 "once_cell",
 "parking_lot",
 "pin-project-lite",
 "signal-hook-registry",
 "socket2 0.4.4",
 "tokio-macros",
 "winapi",
]

[[package]]
name = "tokio-macros"
version = "1.8.0"
source = "registry+https://github.com/rust-lang/crates.io-index"
checksum = "9724f9a975fb987ef7a3cd9be0350edcbe130698af5b8f7a631e23d42d052484"
dependencies = [
 "proc-macro2",
 "quote",
 "syn",
]

[[package]]
name = "tokio-util"
version = "0.7.3"
source = "registry+https://github.com/rust-lang/crates.io-index"
checksum = "cc463cd8deddc3770d20f9852143d50bf6094e640b485cb2e189a2099085ff45"
dependencies = [
 "bytes",
 "futures-core",
 "futures-sink",
 "pin-project-lite",
 "tokio",
 "tracing",
]

[[package]]
name = "toml"
version = "0.5.9"
source = "registry+https://github.com/rust-lang/crates.io-index"
checksum = "8d82e1a7758622a465f8cee077614c73484dac5b836c02ff6a40d5d1010324d7"
dependencies = [
 "serde 1.0.137",
]

[[package]]
name = "tower-service"
version = "0.3.1"
source = "registry+https://github.com/rust-lang/crates.io-index"
checksum = "360dfd1d6d30e05fda32ace2c8c70e9c0a9da713275777f5a4dbb8a1893930c6"

[[package]]
name = "tracing"
version = "0.1.34"
source = "registry+https://github.com/rust-lang/crates.io-index"
checksum = "5d0ecdcb44a79f0fe9844f0c4f33a342cbcbb5117de8001e6ba0dc2351327d09"
dependencies = [
 "cfg-if 1.0.0",
 "pin-project-lite",
 "tracing-core",
]

[[package]]
name = "tracing-core"
version = "0.1.26"
source = "registry+https://github.com/rust-lang/crates.io-index"
checksum = "f54c8ca710e81886d498c2fd3331b56c93aa248d49de2222ad2742247c60072f"
dependencies = [
 "lazy_static",
]

[[package]]
name = "try-lock"
version = "0.2.3"
source = "registry+https://github.com/rust-lang/crates.io-index"
checksum = "59547bce71d9c38b83d9c0e92b6066c4253371f15005def0c30d9657f50c7642"

[[package]]
name = "unicode-ident"
version = "1.0.0"
source = "registry+https://github.com/rust-lang/crates.io-index"
checksum = "d22af068fba1eb5edcb4aea19d382b2a3deb4c8f9d475c589b6ada9e0fd493ee"

[[package]]
name = "version_check"
version = "0.9.4"
source = "registry+https://github.com/rust-lang/crates.io-index"
checksum = "49874b5167b65d7193b8aba1567f5c7d93d001cafc34600cee003eda787e483f"

[[package]]
name = "want"
version = "0.3.0"
source = "registry+https://github.com/rust-lang/crates.io-index"
checksum = "1ce8a968cb1cd110d136ff8b819a556d6fb6d919363c61534f6860c7eb172ba0"
dependencies = [
 "log",
 "try-lock",
]

[[package]]
name = "wasi"
version = "0.9.0+wasi-snapshot-preview1"
source = "registry+https://github.com/rust-lang/crates.io-index"
checksum = "cccddf32554fecc6acb585f82a32a72e28b48f8c4c1883ddfeeeaa96f7d8e519"

[[package]]
name = "wasi"
version = "0.11.0+wasi-snapshot-preview1"
source = "registry+https://github.com/rust-lang/crates.io-index"
checksum = "9c8d87e72b64a3b4db28d11ce29237c246188f4f51057d65a7eab63b7987e423"

[[package]]
name = "winapi"
version = "0.3.9"
source = "registry+https://github.com/rust-lang/crates.io-index"
checksum = "5c839a674fcd7a98952e593242ea400abe93992746761e38641405d28b00f419"
dependencies = [
 "winapi-i686-pc-windows-gnu",
 "winapi-x86_64-pc-windows-gnu",
]

[[package]]
name = "winapi-i686-pc-windows-gnu"
version = "0.4.0"
source = "registry+https://github.com/rust-lang/crates.io-index"
checksum = "ac3b87c63620426dd9b991e5ce0329eff545bccbbb34f3be09ff6fb6ab51b7b6"

[[package]]
name = "winapi-x86_64-pc-windows-gnu"
version = "0.4.0"
source = "registry+https://github.com/rust-lang/crates.io-index"
checksum = "712e227841d057c1ee1cd2fb22fa7e5a5461ae8e48fa2ca79ec42cfc1931183f"

[[package]]
name = "windows-sys"
version = "0.36.1"
source = "registry+https://github.com/rust-lang/crates.io-index"
checksum = "ea04155a16a59f9eab786fe12a4a450e75cdb175f9e0d80da1e17db09f55b8d2"
dependencies = [
 "windows_aarch64_msvc",
 "windows_i686_gnu",
 "windows_i686_msvc",
 "windows_x86_64_gnu",
 "windows_x86_64_msvc",
]

[[package]]
name = "windows_aarch64_msvc"
version = "0.36.1"
source = "registry+https://github.com/rust-lang/crates.io-index"
checksum = "9bb8c3fd39ade2d67e9874ac4f3db21f0d710bee00fe7cab16949ec184eeaa47"

[[package]]
name = "windows_i686_gnu"
version = "0.36.1"
source = "registry+https://github.com/rust-lang/crates.io-index"
checksum = "180e6ccf01daf4c426b846dfc66db1fc518f074baa793aa7d9b9aaeffad6a3b6"

[[package]]
name = "windows_i686_msvc"
version = "0.36.1"
source = "registry+https://github.com/rust-lang/crates.io-index"
checksum = "e2e7917148b2812d1eeafaeb22a97e4813dfa60a3f8f78ebe204bcc88f12f024"

[[package]]
name = "windows_x86_64_gnu"
version = "0.36.1"
source = "registry+https://github.com/rust-lang/crates.io-index"
checksum = "4dcd171b8776c41b97521e5da127a2d86ad280114807d0b2ab1e462bc764d9e1"

[[package]]
name = "windows_x86_64_msvc"
version = "0.36.1"
source = "registry+https://github.com/rust-lang/crates.io-index"
checksum = "c811ca4a8c853ef420abd8592ba53ddbbac90410fab6903b3e79972a631f7680"

[[package]]
name = "yaml-rust"
version = "0.4.5"
source = "registry+https://github.com/rust-lang/crates.io-index"
checksum = "56c1936c4cc7a1c9ab21a1ebb602eb942ba868cbd44a99cb7cdc5892335e1c85"
dependencies = [
 "linked-hash-map 0.5.4",
]
